
Microsoft Visual Studio Solution File, Format Version 12.00
# Visual Studio Version 16
VisualStudioVersion = 16.0.30128.74
MinimumVisualStudioVersion = 10.0.40219.1
Project("{FAE04EC0-301F-11D3-BF4B-00C04F79EFBC}") = "ta13", "ta13.csproj", "{0E90077F-92FE-4BF8-B1D2-CB18E23BAFD2}"
EndProject
Global
	GlobalSection(SolutionConfigurationPlatforms) = preSolution
		Debug|Any CPU = Debug|Any CPU
		Release|Any CPU = Release|Any CPU
	EndGlobalSection
	GlobalSection(ProjectConfigurationPlatforms) = postSolution
		{0E90077F-92FE-4BF8-B1D2-CB18E23BAFD2}.Debug|Any CPU.ActiveCfg = Debug|Any CPU
		{0E90077F-92FE-4BF8-B1D2-CB18E23BAFD2}.Debug|Any CPU.Build.0 = Debug|Any CPU
		{0E90077F-92FE-4BF8-B1D2-CB18E23BAFD2}.Release|Any CPU.ActiveCfg = Release|Any CPU
		{0E90077F-92FE-4BF8-B1D2-CB18E23BAFD2}.Release|Any CPU.Build.0 = Release|Any CPU
	EndGlobalSection
	GlobalSection(SolutionProperties) = preSolution
		HideSolutionNode = FALSE
	EndGlobalSection
	GlobalSection(ExtensibilityGlobals) = postSolution
		SolutionGuid = {E379FBCD-A5D3-4451-8A4E-B94BAC1A806A}
	EndGlobalSection
EndGlobal
